
Microsoft Visual Studio Solution File, Format Version 12.00
# Visual Studio Version 17
VisualStudioVersion = 17.4.33213.308
MinimumVisualStudioVersion = 10.0.40219.1
Project("{9A19103F-16F7-4668-BE54-9A1E7A4F7556}") = "api.iSMusic", "api.iSMusic.csproj", "{B6C9BE34-3EC4-4463-B471-CA25ABB2381C}"
EndProject
Global
	GlobalSection(SolutionConfigurationPlatforms) = preSolution
		Debug|Any CPU = Debug|Any CPU
		Release|Any CPU = Release|Any CPU
	EndGlobalSection
	GlobalSection(ProjectConfigurationPlatforms) = postSolution
		{B6C9BE34-3EC4-4463-B471-CA25ABB2381C}.Debug|Any CPU.ActiveCfg = Debug|Any CPU
		{B6C9BE34-3EC4-4463-B471-CA25ABB2381C}.Debug|Any CPU.Build.0 = Debug|Any CPU
		{B6C9BE34-3EC4-4463-B471-CA25ABB2381C}.Release|Any CPU.ActiveCfg = Release|Any CPU
		{B6C9BE34-3EC4-4463-B471-CA25ABB2381C}.Release|Any CPU.Build.0 = Release|Any CPU
	EndGlobalSection
	GlobalSection(SolutionProperties) = preSolution
		HideSolutionNode = FALSE
	EndGlobalSection
	GlobalSection(ExtensibilityGlobals) = postSolution
		SolutionGuid = {3A3E9915-2160-4A87-8FBC-EC785C92B86B}
	EndGlobalSection
EndGlobal
